
Microsoft Visual Studio Solution File, Format Version 12.00
# Visual Studio Version 16
VisualStudioVersion = 16.0.30002.166
MinimumVisualStudioVersion = 10.0.40219.1
Project("{FAE04EC0-301F-11D3-BF4B-00C04F79EFBC}") = "Sycod", "Sycod\Sycod.csproj", "{87229598-21A5-48DC-A393-EEF22AAFD692}"
EndProject
Global
	GlobalSection(SolutionConfigurationPlatforms) = preSolution
		Debug|Any CPU = Debug|Any CPU
		Release|Any CPU = Release|Any CPU
	EndGlobalSection
	GlobalSection(ProjectConfigurationPlatforms) = postSolution
		{87229598-21A5-48DC-A393-EEF22AAFD692}.Debug|Any CPU.ActiveCfg = Debug|Any CPU
		{87229598-21A5-48DC-A393-EEF22AAFD692}.Debug|Any CPU.Build.0 = Debug|Any CPU
		{87229598-21A5-48DC-A393-EEF22AAFD692}.Release|Any CPU.ActiveCfg = Release|Any CPU
		{87229598-21A5-48DC-A393-EEF22AAFD692}.Release|Any CPU.Build.0 = Release|Any CPU
	EndGlobalSection
	GlobalSection(SolutionProperties) = preSolution
		HideSolutionNode = FALSE
	EndGlobalSection
	GlobalSection(ExtensibilityGlobals) = postSolution
		SolutionGuid = {4DE7C53F-DFC2-4D10-B798-33E6072FC981}
	EndGlobalSection
EndGlobal
